
Microsoft Visual Studio Solution File, Format Version 12.00
Project("{FAE04EC0-301F-11D3-BF4B-00C04F79EFBC}") = "Shapes", "Shapes\Shapes.csproj", "{AE470FF3-DF68-4DB2-8617-FBB73DBAB29A}"
EndProject
Project("{FAE04EC0-301F-11D3-BF4B-00C04F79EFBC}") = "ShapesTests", "ShapesTests\ShapesTests.csproj", "{91AE2A16-186F-45DF-98CB-3F00F1E0CE94}"
EndProject
Global
	GlobalSection(SolutionConfigurationPlatforms) = preSolution
		Debug|Any CPU = Debug|Any CPU
		Release|Any CPU = Release|Any CPU
	EndGlobalSection
	GlobalSection(ProjectConfigurationPlatforms) = postSolution
		{AE470FF3-DF68-4DB2-8617-FBB73DBAB29A}.Debug|Any CPU.ActiveCfg = Debug|Any CPU
		{AE470FF3-DF68-4DB2-8617-FBB73DBAB29A}.Debug|Any CPU.Build.0 = Debug|Any CPU
		{AE470FF3-DF68-4DB2-8617-FBB73DBAB29A}.Release|Any CPU.ActiveCfg = Release|Any CPU
		{AE470FF3-DF68-4DB2-8617-FBB73DBAB29A}.Release|Any CPU.Build.0 = Release|Any CPU
		{91AE2A16-186F-45DF-98CB-3F00F1E0CE94}.Debug|Any CPU.ActiveCfg = Debug|Any CPU
		{91AE2A16-186F-45DF-98CB-3F00F1E0CE94}.Debug|Any CPU.Build.0 = Debug|Any CPU
		{91AE2A16-186F-45DF-98CB-3F00F1E0CE94}.Release|Any CPU.ActiveCfg = Release|Any CPU
		{91AE2A16-186F-45DF-98CB-3F00F1E0CE94}.Release|Any CPU.Build.0 = Release|Any CPU
	EndGlobalSection
EndGlobal
